
Microsoft Visual Studio Solution File, Format Version 12.00
# Visual Studio Version 17
VisualStudioVersion = 17.9.34622.214
MinimumVisualStudioVersion = 10.0.40219.1
Project("{FAE04EC0-301F-11D3-BF4B-00C04F79EFBC}") = "CarFactory", "CarFactory\CarFactory.csproj", "{6BB4AF63-90F2-4868-9696-2E66D689E1B8}"
EndProject
Global
	GlobalSection(SolutionConfigurationPlatforms) = preSolution
		Debug|Any CPU = Debug|Any CPU
		Release|Any CPU = Release|Any CPU
	EndGlobalSection
	GlobalSection(ProjectConfigurationPlatforms) = postSolution
		{6BB4AF63-90F2-4868-9696-2E66D689E1B8}.Debug|Any CPU.ActiveCfg = Debug|Any CPU
		{6BB4AF63-90F2-4868-9696-2E66D689E1B8}.Debug|Any CPU.Build.0 = Debug|Any CPU
		{6BB4AF63-90F2-4868-9696-2E66D689E1B8}.Release|Any CPU.ActiveCfg = Release|Any CPU
		{6BB4AF63-90F2-4868-9696-2E66D689E1B8}.Release|Any CPU.Build.0 = Release|Any CPU
	EndGlobalSection
	GlobalSection(SolutionProperties) = preSolution
		HideSolutionNode = FALSE
	EndGlobalSection
	GlobalSection(ExtensibilityGlobals) = postSolution
		SolutionGuid = {6DDD4115-5F1B-474F-A880-D979AE73FFB0}
	EndGlobalSection
EndGlobal
