
Microsoft Visual Studio Solution File, Format Version 12.00
# Visual Studio Version 17
VisualStudioVersion = 17.9.34622.214
MinimumVisualStudioVersion = 10.0.40219.1
Project("{FAE04EC0-301F-11D3-BF4B-00C04F79EFBC}") = "OrderManager", "OrderManager\OrderManager.csproj", "{61B04EE5-B276-4812-BDCC-A40E396C20F8}"
EndProject
Global
	GlobalSection(SolutionConfigurationPlatforms) = preSolution
		Debug|Any CPU = Debug|Any CPU
		Release|Any CPU = Release|Any CPU
	EndGlobalSection
	GlobalSection(ProjectConfigurationPlatforms) = postSolution
		{61B04EE5-B276-4812-BDCC-A40E396C20F8}.Debug|Any CPU.ActiveCfg = Debug|Any CPU
		{61B04EE5-B276-4812-BDCC-A40E396C20F8}.Debug|Any CPU.Build.0 = Debug|Any CPU
		{61B04EE5-B276-4812-BDCC-A40E396C20F8}.Release|Any CPU.ActiveCfg = Release|Any CPU
		{61B04EE5-B276-4812-BDCC-A40E396C20F8}.Release|Any CPU.Build.0 = Release|Any CPU
	EndGlobalSection
	GlobalSection(SolutionProperties) = preSolution
		HideSolutionNode = FALSE
	EndGlobalSection
	GlobalSection(ExtensibilityGlobals) = postSolution
		SolutionGuid = {1F2160EA-4626-4D8B-8B30-AC3B021F1365}
	EndGlobalSection
EndGlobal
